<?xml version="1.0" encoding="utf-8"?>
<Project ToolsVersion="4.0" xmlns="http://schemas.microsoft.com/developer/msbuild/2003">
  <ItemGroup>
    <Filter Include="Source Files">
      <UniqueIdentifier>{4FC737F1-C7A5-4376-A066-2A32D752A2FF}</UniqueIdentifier>
      <Extensions>cpp;c;cc;cxx;def;odl;idl;hpj;bat;asm;asmx</Extensions>
    </Filter>
    <Filter Include="Header Files">
      <UniqueIdentifier>{93995380-89BD-4b04-88EB-625FBE52EBFB}</UniqueIdentifier>
      <Extensions>h;hh;hpp;hxx;hm;inl;inc;xsd</Extensions>
    </Filter>
    <Filter Include="Resource Files">
      <UniqueIdentifier>{67DA6AB6-F800-4c08-8B7A-83BB121AAD01}</UniqueIdentifier>
      <Extensions>rc;ico;cur;bmp;dlg;rc2;rct;bin;rgs;gif;jpg;jpeg;jpe;resx;tiff;tif;png;wav</Extensions>
    </Filter>
  </ItemGroup>
  <ItemGroup>
    <ClCompile Include="config\Config.cpp">
      <Filter>Source Files</Filter>
    </ClCompile>
    <ClCompile Include="core\base\Piece.cpp">
      <Filter>Source Files</Filter>
    </ClCompile>
    <ClCompile Include="core\base\Position.cpp">
      <Filter>Source Files</Filter>
    </ClCompile>
    <ClCompile Include="core\board\Bitboard.cpp">
      <Filter>Source Files</Filter>
    </ClCompile>
    <ClCompile Include="core\board\Board.cpp">
      <Filter>Source Files</Filter>
    </ClCompile>
    <ClCompile Include="core\board\Zobrist.cpp">
      <Filter>Source Files</Filter>
    </ClCompile>
    <ClCompile Include="core\dev\CodeGenerator.cpp">
      <Filter>Source Files</Filter>
    </ClCompile>
    <ClCompile Include="core\dev\MoveGeneratorExpr.cpp">
      <Filter>Source Files</Filter>
    </ClCompile>
    <ClCompile Include="core\move\Move.cpp">
      <Filter>Source Files</Filter>
    </ClCompile>
    <ClCompile Include="core\move\MoveGenerator.cpp">
      <Filter>Source Files</Filter>
    </ClCompile>
    <ClCompile Include="core\move\MoveTable.cpp">
      <Filter>Source Files</Filter>
    </ClCompile>
    <ClCompile Include="core\record\CsaReader.cpp">
      <Filter>Source Files</Filter>
    </ClCompile>
    <ClCompile Include="core\record\CsaWriter.cpp">
      <Filter>Source Files</Filter>
    </ClCompile>
    <ClCompile Include="core\record\Record.cpp">
      <Filter>Source Files</Filter>
    </ClCompile>
    <ClCompile Include="core\test\BitboardTest.cpp">
      <Filter>Source Files</Filter>
    </ClCompile>
    <ClCompile Include="core\test\BoardTest.cpp">
      <Filter>Source Files</Filter>
    </ClCompile>
    <ClCompile Include="core\test\CsaReaderTest.cpp">
      <Filter>Source Files</Filter>
    </ClCompile>
    <ClCompile Include="core\test\HandTest.cpp">
      <Filter>Source Files</Filter>
    </ClCompile>
    <ClCompile Include="core\test\MoveGeneratorTest.cpp">
      <Filter>Source Files</Filter>
    </ClCompile>
    <ClCompile Include="core\test\MoveTest.cpp">
      <Filter>Source Files</Filter>
    </ClCompile>
    <ClCompile Include="core\test\PieceTest.cpp">
      <Filter>Source Files</Filter>
    </ClCompile>
    <ClCompile Include="core\test\PositionTest.cpp">
      <Filter>Source Files</Filter>
    </ClCompile>
    <ClCompile Include="core\test\ZobristTest.cpp">
      <Filter>Source Files</Filter>
    </ClCompile>
    <ClCompile Include="cui\dev.cpp">
      <Filter>Source Files</Filter>
    </ClCompile>
    <ClCompile Include="cui\network.cpp">
      <Filter>Source Files</Filter>
    </ClCompile>
    <ClCompile Include="cui\sunfish.cpp">
      <Filter>Source Files</Filter>
    </ClCompile>
    <ClCompile Include="cui\test.cpp">
      <Filter>Source Files</Filter>
    </ClCompile>
    <ClCompile Include="cui\console\ConsoleManager.cpp">
      <Filter>Source Files</Filter>
    </ClCompile>
    <ClCompile Include="logger\Logger.cpp">
      <Filter>Source Files</Filter>
    </ClCompile>
    <ClCompile Include="network\Connection.cpp">
      <Filter>Source Files</Filter>
    </ClCompile>
    <ClCompile Include="network\CsaClient.cpp">
      <Filter>Source Files</Filter>
    </ClCompile>
    <ClCompile Include="network\CsaClientConfig.cpp">
      <Filter>Source Files</Filter>
    </ClCompile>
    <ClCompile Include="searcher\RandomSearcher.cpp">
      <Filter>Source Files</Filter>
    </ClCompile>
    <ClCompile Include="searcher\Searcher.cpp">
      <Filter>Source Files</Filter>
    </ClCompile>
    <ClCompile Include="searcher\eval\Evaluator.cpp">
      <Filter>Source Files</Filter>
    </ClCompile>
    <ClCompile Include="searcher\see\See.cpp">
      <Filter>Source Files</Filter>
    </ClCompile>
    <ClCompile Include="searcher\test\SeeTest.cpp">
      <Filter>Source Files</Filter>
    </ClCompile>
    <ClCompile Include="searcher\tree\Tree.cpp">
      <Filter>Source Files</Filter>
    </ClCompile>
    <ClCompile Include="searcher\tt\TT.cpp">
      <Filter>Source Files</Filter>
    </ClCompile>
    <ClCompile Include="searcher\tt\TTE.cpp">
      <Filter>Source Files</Filter>
    </ClCompile>
  </ItemGroup>
  <ItemGroup>
    <ClInclude Include="config\Config.h">
      <Filter>Header Files</Filter>
    </ClInclude>
    <ClInclude Include="core\def.h">
      <Filter>Header Files</Filter>
    </ClInclude>
    <ClInclude Include="core\base\Piece.h">
      <Filter>Header Files</Filter>
    </ClInclude>
    <ClInclude Include="core\base\Position.h">
      <Filter>Header Files</Filter>
    </ClInclude>
    <ClInclude Include="core\board\Bitboard.h">
      <Filter>Header Files</Filter>
    </ClInclude>
    <ClInclude Include="core\board\Board.h">
      <Filter>Header Files</Filter>
    </ClInclude>
    <ClInclude Include="core\board\Hand.h">
      <Filter>Header Files</Filter>
    </ClInclude>
    <ClInclude Include="core\board\Zobrist.h">
      <Filter>Header Files</Filter>
    </ClInclude>
    <ClInclude Include="core\dev\CodeGenerator.h">
      <Filter>Header Files</Filter>
    </ClInclude>
    <ClInclude Include="core\dev\MoveGeneratorExpr.h">
      <Filter>Header Files</Filter>
    </ClInclude>
    <ClInclude Include="core\move\Move.h">
      <Filter>Header Files</Filter>
    </ClInclude>
    <ClInclude Include="core\move\MoveGenerator.h">
      <Filter>Header Files</Filter>
    </ClInclude>
    <ClInclude Include="core\move\Moves.h">
      <Filter>Header Files</Filter>
    </ClInclude>
    <ClInclude Include="core\move\MoveTable.h">
      <Filter>Header Files</Filter>
    </ClInclude>
    <ClInclude Include="core\record\CsaReader.h">
      <Filter>Header Files</Filter>
    </ClInclude>
    <ClInclude Include="core\record\CsaWriter.h">
      <Filter>Header Files</Filter>
    </ClInclude>
    <ClInclude Include="core\record\Record.h">
      <Filter>Header Files</Filter>
    </ClInclude>
    <ClInclude Include="core\util\Random.h">
      <Filter>Header Files</Filter>
    </ClInclude>
    <ClInclude Include="core\util\StringUtil.h">
      <Filter>Header Files</Filter>
    </ClInclude>
    <ClInclude Include="core\util\Timer.h">
      <Filter>Header Files</Filter>
    </ClInclude>
    <ClInclude Include="cui\sunfish.h">
      <Filter>Header Files</Filter>
    </ClInclude>
    <ClInclude Include="cui\console\ConsoleManager.h">
      <Filter>Header Files</Filter>
    </ClInclude>
    <ClInclude Include="logger\Logger.h">
      <Filter>Header Files</Filter>
    </ClInclude>
    <ClInclude Include="network\Connection.h">
      <Filter>Header Files</Filter>
    </ClInclude>
    <ClInclude Include="network\CsaClient.h">
      <Filter>Header Files</Filter>
    </ClInclude>
    <ClInclude Include="network\CsaClientConfig.h">
      <Filter>Header Files</Filter>
    </ClInclude>
    <ClInclude Include="network\RemainingTime.h">
      <Filter>Header Files</Filter>
    </ClInclude>
    <ClInclude Include="searcher\def.h">
      <Filter>Header Files</Filter>
    </ClInclude>
    <ClInclude Include="searcher\ISearcher.h">
      <Filter>Header Files</Filter>
    </ClInclude>
    <ClInclude Include="searcher\RandomSearcher.h">
      <Filter>Header Files</Filter>
    </ClInclude>
    <ClInclude Include="searcher\Searcher.h">
      <Filter>Header Files</Filter>
    </ClInclude>
    <ClInclude Include="searcher\eval\Evaluator.h">
      <Filter>Header Files</Filter>
    </ClInclude>
    <ClInclude Include="searcher\eval\Value.h">
      <Filter>Header Files</Filter>
    </ClInclude>
    <ClInclude Include="searcher\history\History.h">
      <Filter>Header Files</Filter>
    </ClInclude>
    <ClInclude Include="searcher\see\See.h">
      <Filter>Header Files</Filter>
    </ClInclude>
    <ClInclude Include="searcher\table\HashTable.h">
      <Filter>Header Files</Filter>
    </ClInclude>
    <ClInclude Include="searcher\tree\NodeStat.h">
      <Filter>Header Files</Filter>
    </ClInclude>
    <ClInclude Include="searcher\tree\Pv.h">
      <Filter>Header Files</Filter>
    </ClInclude>
    <ClInclude Include="searcher\tree\Tree.h">
      <Filter>Header Files</Filter>
    </ClInclude>
    <ClInclude Include="searcher\tt\TT.h">
      <Filter>Header Files</Filter>
    </ClInclude>
    <ClInclude Include="searcher\tt\TTE.h">
      <Filter>Header Files</Filter>
    </ClInclude>
    <ClInclude Include="searcher\tt\TTMoves.h">
      <Filter>Header Files</Filter>
    </ClInclude>
    <ClInclude Include="test\Test.h">
      <Filter>Header Files</Filter>
    </ClInclude>
  </ItemGroup>
</Project>